{
  "name": "resume-filter",
  "version": "1.0.0",
  "lockfileVersion": 1,
  "requires": true,
  "dependencies": {
    "pdf2json": {
      "version": "1.2.0",
      "resolved": "https://registry.npmjs.org/pdf2json/-/pdf2json-1.2.0.tgz",
      "integrity": "sha512-Z/m+OFOe13Nn2SHQNSINZ6Mh2b8t2bK3whL3L6b5Av1wqDvotYvpMg1Zi8aEPV37jF0jG0yQ83c8XuuNbIsn6Q==",
      "requires": {
        "async": "^3.2.0",
        "lodash": "^4.17.13",
        "optimist": "^0.6.1",
        "xmldom": "^0.3.0"
      },
      "dependencies": {
        "async": {
          "version": "3.2.0",
          "bundled": true
        },
        "lodash": {
          "version": "4.17.15",
          "bundled": true
        },
        "minimist": {
          "version": "0.0.10",
          "bundled": true
        },
        "optimist": {
          "version": "0.6.1",
          "bundled": true,
          "requires": {
            "minimist": "~0.0.1",
            "wordwrap": "~0.0.2"
          }
        },
        "wordwrap": {
          "version": "0.0.3",
          "bundled": true
        },
        "xmldom": {
          "version": "0.3.0",
          "bundled": true
        }
      }
    }
  }
}
